
Microsoft Visual Studio Solution File, Format Version 12.00
# Visual Studio Version 17
VisualStudioVersion = 17.14.36915.13 d17.14
MinimumVisualStudioVersion = 10.0.40219.1
Project("{FAE04EC0-301F-11D3-BF4B-00C04F79EFBC}") = "EvaluationSampleCode", "EvaluationSampleCode\EvaluationSampleCode.csproj", "{4C160416-0DA1-4BA1-9E75-0B331A5FC878}"
EndProject
Project("{FAE04EC0-301F-11D3-BF4B-00C04F79EFBC}") = "EvaluationSampleCode.UnitTests", "EvaluationSampleCode.UnitTests\EvaluationSampleCode.UnitTests.csproj", "{795BD904-D623-4E91-98D0-F2AF5E544728}"
EndProject
Global
	GlobalSection(SolutionConfigurationPlatforms) = preSolution
		Debug|Any CPU = Debug|Any CPU
		Release|Any CPU = Release|Any CPU
	EndGlobalSection
	GlobalSection(ProjectConfigurationPlatforms) = postSolution
		{4C160416-0DA1-4BA1-9E75-0B331A5FC878}.Debug|Any CPU.ActiveCfg = Debug|Any CPU
		{4C160416-0DA1-4BA1-9E75-0B331A5FC878}.Debug|Any CPU.Build.0 = Debug|Any CPU
		{4C160416-0DA1-4BA1-9E75-0B331A5FC878}.Release|Any CPU.ActiveCfg = Release|Any CPU
		{4C160416-0DA1-4BA1-9E75-0B331A5FC878}.Release|Any CPU.Build.0 = Release|Any CPU
		{795BD904-D623-4E91-98D0-F2AF5E544728}.Debug|Any CPU.ActiveCfg = Debug|Any CPU
		{795BD904-D623-4E91-98D0-F2AF5E544728}.Debug|Any CPU.Build.0 = Debug|Any CPU
		{795BD904-D623-4E91-98D0-F2AF5E544728}.Release|Any CPU.ActiveCfg = Release|Any CPU
		{795BD904-D623-4E91-98D0-F2AF5E544728}.Release|Any CPU.Build.0 = Release|Any CPU
	EndGlobalSection
	GlobalSection(SolutionProperties) = preSolution
		HideSolutionNode = FALSE
	EndGlobalSection
	GlobalSection(ExtensibilityGlobals) = postSolution
		SolutionGuid = {19BABAD0-E08B-4AA3-B81A-4009071C2A00}
	EndGlobalSection
EndGlobal
